
Microsoft Visual Studio Solution File, Format Version 12.00
# Visual Studio Version 17
VisualStudioVersion = 17.5.002.0
MinimumVisualStudioVersion = 10.0.40219.1
Project("{9A19103F-16F7-4668-BE54-9A1E7A4F7556}") = "chtnumconv-naot", "chtnumconv-naot.csproj", "{F727F80E-1FA9-4ECA-B99A-89E1F444E7CF}"
EndProject
Global
	GlobalSection(SolutionConfigurationPlatforms) = preSolution
		Debug|Any CPU = Debug|Any CPU
		Release|Any CPU = Release|Any CPU
	EndGlobalSection
	GlobalSection(ProjectConfigurationPlatforms) = postSolution
		{F727F80E-1FA9-4ECA-B99A-89E1F444E7CF}.Debug|Any CPU.ActiveCfg = Debug|Any CPU
		{F727F80E-1FA9-4ECA-B99A-89E1F444E7CF}.Debug|Any CPU.Build.0 = Debug|Any CPU
		{F727F80E-1FA9-4ECA-B99A-89E1F444E7CF}.Release|Any CPU.ActiveCfg = Release|Any CPU
		{F727F80E-1FA9-4ECA-B99A-89E1F444E7CF}.Release|Any CPU.Build.0 = Release|Any CPU
	EndGlobalSection
	GlobalSection(SolutionProperties) = preSolution
		HideSolutionNode = FALSE
	EndGlobalSection
	GlobalSection(ExtensibilityGlobals) = postSolution
		SolutionGuid = {EB6F6AAE-9E9D-4751-A52A-9D1F5E3BDB11}
	EndGlobalSection
EndGlobal
